// !$*UTF8*$!
{
	archiveVersion = 1;
	classes = {
	};
	objectVersion = 46;
	objects = {

/* Begin PBXBuildFile section */
		FAB106AE1D410F9100AB373C /* main.m in Sources */ = {isa = PBXBuildFile; fileRef = FAB106AD1D410F9100AB373C /* main.m */; };
		FAB106B11D410F9100AB373C /* AppDelegate.m in Sources */ = {isa = PBXBuildFile; fileRef = FAB106B01D410F9100AB373C /* AppDelegate.m */; };
		FAB106B41D410F9100AB373C /* ViewController.m in Sources */ = {isa = PBXBuildFile; fileRef = FAB106B31D410F9100AB373C /* ViewController.m */; };
		FAB106B71D410F9100AB373C /* Main.storyboard in Resources */ = {isa = PBXBuildFile; fileRef = FAB106B51D410F9100AB373C /* Main.storyboard */; };
		FAB106B91D410F9100AB373C /* Assets.xcassets in Resources */ = {isa = PBXBuildFile; fileRef = FAB106B81D410F9100AB373C /* Assets.xcassets */; };
		FAB106BC1D410F9100AB373C /* LaunchScreen.storyboard in Resources */ = {isa = PBXBuildFile; fileRef = FAB106BA1D410F9100AB373C /* LaunchScreen.storyboard */; };
/* End PBXBuildFile section */

/* Begin PBXFileReference section */
		FAB106A91D410F9100AB373C /* 仿射变换.app */ = {isa = PBXFileReference; explicitFileType = wrapper.application; includeInIndex = 0; path = "仿射变换.app"; sourceTree = BUILT_PRODUCTS_DIR; };
		FAB106AD1D410F9100AB373C /* main.m */ = {isa = PBXFileReference; lastKnownFileType = sourcecode.c.objc; path = main.m; sourceTree = "<group>"; };
		FAB106AF1D410F9100AB373C /* AppDelegate.h */ = {isa = PBXFileReference; lastKnownFileType = sourcecode.c.h; path = AppDelegate.h; sourceTree = "<group>"; };
		FAB106B01D410F9100AB373C /* AppDelegate.m */ = {isa = PBXFileReference; lastKnownFileType = sourcecode.c.objc; path = AppDelegate.m; sourceTree = "<group>"; };
		FAB106B21D410F9100AB373C /* ViewController.h */ = {isa = PBXFileReference; lastKnownFileType = sourcecode.c.h; path = ViewController.h; sourceTree = "<group>"; };
		FAB106B31D410F9100AB373C /* ViewController.m */ = {isa = PBXFileReference; lastKnownFileType = sourcecode.c.objc; path = ViewController.m; sourceTree = "<group>"; };
		FAB106B61D410F9100AB373C /* Base */ = {isa = PBXFileReference; lastKnownFileType = file.storyboard; name = Base; path = Base.lproj/Main.storyboard; sourceTree = "<group>"; };
		FAB106B81D410F9100AB373C /* Assets.xcassets */ = {isa = PBXFileReference; lastKnownFileType = folder.assetcatalog; path = Assets.xcassets; sourceTree = "<group>"; };
		FAB106BB1D410F9100AB373C /* Base */ = {isa = PBXFileReference; lastKnownFileType = file.storyboard; name = Base; path = Base.lproj/LaunchScreen.storyboard; sourceTree = "<group>"; };
		FAB106BD1D410F9100AB373C /* Info.plist */ = {isa = PBXFileReference; lastKnownFileType = text.plist.xml; path = Info.plist; sourceTree = "<group>"; };
/* End PBXFileReference section */

/* Begin PBXFrameworksBuildPhase section */
		FAB106A61D410F9100AB373C /* Frameworks */ = {
			isa = PBXFrameworksBuildPhase;
			buildActionMask = 2147483647;
			files = (
			);
			runOnlyForDeploymentPostprocessing = 0;
		};
/* End PBXFrameworksBuildPhase section */

/* Begin PBXGroup section */
		FAB106A01D410F9100AB373C = {
			isa = PBXGroup;
			children = (
				FAB106AB1D410F9100AB373C /* 仿射变换 */,
				FAB106AA1D410F9100AB373C /* Products */,
			);
			sourceTree = "<group>";
		};
		FAB106AA1D410F9100AB373C /* Products */ = {
			isa = PBXGroup;
			children = (
				FAB106A91D410F9100AB373C /* 仿射变换.app */,
			);
			name = Products;
			sourceTree = "<group>";
		};
		FAB106AB1D410F9100AB373C /* 仿射变换 */ = {
			isa = PBXGroup;
			children = (
				FAB106AF1D410F9100AB373C /* AppDelegate.h */,
				FAB106B01D410F9100AB373C /* AppDelegate.m */,
				FAB106B21D410F9100AB373C /* ViewController.h */,
				FAB106B31D410F9100AB373C /* ViewController.m */,
				FAB106B51D410F9100AB373C /* Main.storyboard */,
				FAB106B81D410F9100AB373C /* Assets.xcassets */,
				FAB106BA1D410F9100AB373C /* LaunchScreen.storyboard */,
				FAB106BD1D410F9100AB373C /* Info.plist */,
				FAB106AC1D410F9100AB373C /* Supporting Files */,
			);
			path = "仿射变换";
			sourceTree = "<group>";
		};
		FAB106AC1D410F9100AB373C /* Supporting Files */ = {
			isa = PBXGroup;
			children = (
				FAB106AD1D410F9100AB373C /* main.m */,
			);
			name = "Supporting Files";
			sourceTree = "<group>";
		};
/* End PBXGroup section */

/* Begin PBXNativeTarget section */
		FAB106A81D410F9100AB373C /* 仿射变换 */ = {
			isa = PBXNativeTarget;
			buildConfigurationList = FAB106C01D410F9100AB373C /* Build configuration list for PBXNativeTarget "仿射变换" */;
			buildPhases = (
				FAB106A51D410F9100AB373C /* Sources */,
				FAB106A61D410F9100AB373C /* Frameworks */,
				FAB106A71D410F9100AB373C /* Resources */,
			);
			buildRules = (
			);
			dependencies = (
			);
			name = "仿射变换";
			productName = "仿射变换";
			productReference = FAB106A91D410F9100AB373C /* 仿射变换.app */;
			productType = "com.apple.product-type.application";
		};
/* End PBXNativeTarget section */

/* Begin PBXProject section */
		FAB106A11D410F9100AB373C /* Project object */ = {
			isa = PBXProject;
			attributes = {
				LastUpgradeCheck = 0730;
				ORGANIZATIONNAME = zhouzewen;
				TargetAttributes = {
					FAB106A81D410F9100AB373C = {
						CreatedOnToolsVersion = 7.3;
						DevelopmentTeam = 936BJZNHC5;
					};
				};
			};
			buildConfigurationList = FAB106A41D410F9100AB373C /* Build configuration list for PBXProject "仿射变换" */;
			compatibilityVersion = "Xcode 3.2";
			developmentRegion = English;
			hasScannedForEncodings = 0;
			knownRegions = (
				en,
				Base,
			);
			mainGroup = FAB106A01D410F9100AB373C;
			productRefGroup = FAB106AA1D410F9100AB373C /* Products */;
			projectDirPath = "";
			projectRoot = "";
			targets = (
				FAB106A81D410F9100AB373C /* 仿射变换 */,
			);
		};
/* End PBXProject section */

/* Begin PBXResourcesBuildPhase section */
		FAB106A71D410F9100AB373C /* Resources */ = {
			isa = PBXResourcesBuildPhase;
			buildActionMask = 2147483647;
			files = (
				FAB106BC1D410F9100AB373C /* LaunchScreen.storyboard in Resources */,
				FAB106B91D410F9100AB373C /* Assets.xcassets in Resources */,
				FAB106B71D410F9100AB373C /* Main.storyboard in Resources */,
			);
			runOnlyForDeploymentPostprocessing = 0;
		};
/* End PBXResourcesBuildPhase section */

/* Begin PBXSourcesBuildPhase section */
		FAB106A51D410F9100AB373C /* Sources */ = {
			isa = PBXSourcesBuildPhase;
			buildActionMask = 2147483647;
			files = (
				FAB106B41D410F9100AB373C /* ViewController.m in Sources */,
				FAB106B11D410F9100AB373C /* AppDelegate.m in Sources */,
				FAB106AE1D410F9100AB373C /* main.m in Sources */,
			);
			runOnlyForDeploymentPostprocessing = 0;
		};
/* End PBXSourcesBuildPhase section */

/* Begin PBXVariantGroup section */
		FAB106B51D410F9100AB373C /* Main.storyboard */ = {
			isa = PBXVariantGroup;
			children = (
				FAB106B61D410F9100AB373C /* Base */,
			);
			name = Main.storyboard;
			sourceTree = "<group>";
		};
		FAB106BA1D410F9100AB373C /* LaunchScreen.storyboard */ = {
			isa = PBXVariantGroup;
			children = (
				FAB106BB1D410F9100AB373C /* Base */,
			);
			name = LaunchScreen.storyboard;
			sourceTree = "<group>";
		};
/* End PBXVariantGroup section */

/* Begin XCBuildConfiguration section */
		FAB106BE1D410F9100AB373C /* Debug */ = {
			isa = XCBuildConfiguration;
			buildSettings = {
				ALWAYS_SEARCH_USER_PATHS = NO;
				CLANG_ANALYZER_NONNULL = YES;
				CLANG_CXX_LANGUAGE_STANDARD = "gnu++0x";
				CLANG_CXX_LIBRARY = "libc++";
				CLANG_ENABLE_MODULES = YES;
				CLANG_ENABLE_OBJC_ARC = YES;
				CLANG_WARN_BOOL_CONVERSION = YES;
				CLANG_WARN_CONSTANT_CONVERSION = YES;
				CLANG_WARN_DIRECT_OBJC_ISA_USAGE = YES_ERROR;
				CLANG_WARN_EMPTY_BODY = YES;
				CLANG_WARN_ENUM_CONVERSION = YES;
				CLANG_WARN_INT_CONVERSION = YES;
				CLANG_WARN_OBJC_ROOT_CLASS = YES_ERROR;
				CLANG_WARN_UNREACHABLE_CODE = YES;
				CLANG_WARN__DUPLICATE_METHOD_MATCH = YES;
				"CODE_SIGN_IDENTITY[sdk=iphoneos*]" = "iPhone Developer";
				COPY_PHASE_STRIP = NO;
				DEBUG_INFORMATION_FORMAT = dwarf;
				ENABLE_STRICT_OBJC_MSGSEND = YES;
				ENABLE_TESTABILITY = YES;
				GCC_C_LANGUAGE_STANDARD = gnu99;
				GCC_DYNAMIC_NO_PIC = NO;
				GCC_NO_COMMON_BLOCKS = YES;
				GCC_OPTIMIZATION_LEVEL = 0;
				GCC_PREPROCESSOR_DEFINITIONS = (
					"DEBUG=1",
					"$(inherited)",
				);
				GCC_WARN_64_TO_32_BIT_CONVERSION = YES;
				GCC_WARN_ABOUT_RETURN_TYPE = YES_ERROR;
				GCC_WARN_UNDECLARED_SELECTOR = YES;
				GCC_WARN_UNINITIALIZED_AUTOS = YES_AGGRESSIVE;
				GCC_WARN_UNUSED_FUNCTION = YES;
				GCC_WARN_UNUSED_VARIABLE = YES;
				IPHONEOS_DEPLOYMENT_TARGET = 9.3;
				MTL_ENABLE_DEBUG_INFO = YES;
				ONLY_ACTIVE_ARCH = YES;
				SDKROOT = iphoneos;
			};
			name = Debug;
		};
		FAB106BF1D410F9100AB373C /* Release */ = {
			isa = XCBuildConfiguration;
			buildSettings = {
				ALWAYS_SEARCH_USER_PATHS = NO;
				CLANG_ANALYZER_NONNULL = YES;
				CLANG_CXX_LANGUAGE_STANDARD = "gnu++0x";
				CLANG_CXX_LIBRARY = "libc++";
				CLANG_ENABLE_MODULES = YES;
				CLANG_ENABLE_OBJC_ARC = YES;
				CLANG_WARN_BOOL_CONVERSION = YES;
				CLANG_WARN_CONSTANT_CONVERSION = YES;
				CLANG_WARN_DIRECT_OBJC_ISA_USAGE = YES_ERROR;
				CLANG_WARN_EMPTY_BODY = YES;
				CLANG_WARN_ENUM_CONVERSION = YES;
				CLANG_WARN_INT_CONVERSION = YES;
				CLANG_WARN_OBJC_ROOT_CLASS = YES_ERROR;
				CLANG_WARN_UNREACHABLE_CODE = YES;
				CLANG_WARN__DUPLICATE_METHOD_MATCH = YES;
				"CODE_SIGN_IDENTITY[sdk=iphoneos*]" = "iPhone Developer";
				COPY_PHASE_STRIP = NO;
				DEBUG_INFORMATION_FORMAT = "dwarf-with-dsym";
				ENABLE_NS_ASSERTIONS = NO;
				ENABLE_STRICT_OBJC_MSGSEND = YES;
				GCC_C_LANGUAGE_STANDARD = gnu99;
				GCC_NO_COMMON_BLOCKS = YES;
				GCC_WARN_64_TO_32_BIT_CONVERSION = YES;
				GCC_WARN_ABOUT_RETURN_TYPE = YES_ERROR;
				GCC_WARN_UNDECLARED_SELECTOR = YES;
				GCC_WARN_UNINITIALIZED_AUTOS = YES_AGGRESSIVE;
				GCC_WARN_UNUSED_FUNCTION = YES;
				GCC_WARN_UNUSED_VARIABLE = YES;
				IPHONEOS_DEPLOYMENT_TARGET = 9.3;
				MTL_ENABLE_DEBUG_INFO = NO;
				SDKROOT = iphoneos;
				VALIDATE_PRODUCT = YES;
			};
			name = Release;
		};
		FAB106C11D410F9100AB373C /* Debug */ = {
			isa = XCBuildConfiguration;
			buildSettings = {
				ASSETCATALOG_COMPILER_APPICON_NAME = AppIcon;
				INFOPLIST_FILE = "仿射变换/Info.plist";
				LD_RUNPATH_SEARCH_PATHS = "$(inherited) @executable_path/Frameworks";
				PRODUCT_BUNDLE_IDENTIFIER = "com.zhouzewen.----";
				PRODUCT_NAME = "$(TARGET_NAME)";
			};
			name = Debug;
		};
		FAB106C21D410F9100AB373C /* Release */ = {
			isa = XCBuildConfiguration;
			buildSettings = {
				ASSETCATALOG_COMPILER_APPICON_NAME = AppIcon;
				INFOPLIST_FILE = "仿射变换/Info.plist";
				LD_RUNPATH_SEARCH_PATHS = "$(inherited) @executable_path/Frameworks";
				PRODUCT_BUNDLE_IDENTIFIER = "com.zhouzewen.----";
				PRODUCT_NAME = "$(TARGET_NAME)";
			};
			name = Release;
		};
/* End XCBuildConfiguration section */

/* Begin XCConfigurationList section */
		FAB106A41D410F9100AB373C /* Build configuration list for PBXProject "仿射变换" */ = {
			isa = XCConfigurationList;
			buildConfigurations = (
				FAB106BE1D410F9100AB373C /* Debug */,
				FAB106BF1D410F9100AB373C /* Release */,
			);
			defaultConfigurationIsVisible = 0;
			defaultConfigurationName = Release;
		};
		FAB106C01D410F9100AB373C /* Build configuration list for PBXNativeTarget "仿射变换" */ = {
			isa = XCConfigurationList;
			buildConfigurations = (
				FAB106C11D410F9100AB373C /* Debug */,
				FAB106C21D410F9100AB373C /* Release */,
			);
			defaultConfigurationIsVisible = 0;
		};
/* End XCConfigurationList section */
	};
	rootObject = FAB106A11D410F9100AB373C /* Project object */;
}
