// !$*UTF8*$!
{
	archiveVersion = 1;
	classes = {
	};
	objectVersion = 48;
	objects = {

/* Begin PBXBuildFile section */
		6434CBE81FD6C59500056A30 /* AppDelegate.m in Sources */ = {isa = PBXBuildFile; fileRef = 6434CBE71FD6C59500056A30 /* AppDelegate.m */; };
		6434CBEB1FD6C59500056A30 /* ViewController.m in Sources */ = {isa = PBXBuildFile; fileRef = 6434CBEA1FD6C59500056A30 /* ViewController.m */; };
		6434CBEE1FD6C59500056A30 /* Main.storyboard in Resources */ = {isa = PBXBuildFile; fileRef = 6434CBEC1FD6C59500056A30 /* Main.storyboard */; };
		6434CBF01FD6C59500056A30 /* Assets.xcassets in Resources */ = {isa = PBXBuildFile; fileRef = 6434CBEF1FD6C59500056A30 /* Assets.xcassets */; };
		6434CBF31FD6C59500056A30 /* LaunchScreen.storyboard in Resources */ = {isa = PBXBuildFile; fileRef = 6434CBF11FD6C59500056A30 /* LaunchScreen.storyboard */; };
		6434CBF61FD6C59600056A30 /* main.m in Sources */ = {isa = PBXBuildFile; fileRef = 6434CBF51FD6C59600056A30 /* main.m */; };
		6434CBFC1FD6C5C000056A30 /* ZZW_FPSLabel.m in Sources */ = {isa = PBXBuildFile; fileRef = 6434CBFB1FD6C5C000056A30 /* ZZW_FPSLabel.m */; };
		64DE28201FAD6BC700BE0315 /* AppDelegate.m in Sources */ = {isa = PBXBuildFile; fileRef = 64DE281F1FAD6BC700BE0315 /* AppDelegate.m */; };
		64DE28231FAD6BC700BE0315 /* ViewController.m in Sources */ = {isa = PBXBuildFile; fileRef = 64DE28221FAD6BC700BE0315 /* ViewController.m */; };
		64DE28261FAD6BC700BE0315 /* Main.storyboard in Resources */ = {isa = PBXBuildFile; fileRef = 64DE28241FAD6BC700BE0315 /* Main.storyboard */; };
		64DE28281FAD6BC700BE0315 /* Assets.xcassets in Resources */ = {isa = PBXBuildFile; fileRef = 64DE28271FAD6BC700BE0315 /* Assets.xcassets */; };
		64DE282B1FAD6BC700BE0315 /* LaunchScreen.storyboard in Resources */ = {isa = PBXBuildFile; fileRef = 64DE28291FAD6BC700BE0315 /* LaunchScreen.storyboard */; };
		64DE282E1FAD6BC800BE0315 /* main.m in Sources */ = {isa = PBXBuildFile; fileRef = 64DE282D1FAD6BC800BE0315 /* main.m */; };
		64DE283C1FAD6C1A00BE0315 /* AppDelegate.m in Sources */ = {isa = PBXBuildFile; fileRef = 64DE283B1FAD6C1A00BE0315 /* AppDelegate.m */; };
		64DE283F1FAD6C1A00BE0315 /* ViewController.m in Sources */ = {isa = PBXBuildFile; fileRef = 64DE283E1FAD6C1A00BE0315 /* ViewController.m */; };
		64DE28421FAD6C1A00BE0315 /* Main.storyboard in Resources */ = {isa = PBXBuildFile; fileRef = 64DE28401FAD6C1A00BE0315 /* Main.storyboard */; };
		64DE28441FAD6C1A00BE0315 /* Assets.xcassets in Resources */ = {isa = PBXBuildFile; fileRef = 64DE28431FAD6C1A00BE0315 /* Assets.xcassets */; };
		64DE28471FAD6C1A00BE0315 /* LaunchScreen.storyboard in Resources */ = {isa = PBXBuildFile; fileRef = 64DE28451FAD6C1A00BE0315 /* LaunchScreen.storyboard */; };
		64DE284A1FAD6C1A00BE0315 /* main.m in Sources */ = {isa = PBXBuildFile; fileRef = 64DE28491FAD6C1A00BE0315 /* main.m */; };
/* End PBXBuildFile section */

/* Begin PBXFileReference section */
		6434CBE41FD6C59500056A30 /* FPSCaculate(帧率计算).app */ = {isa = PBXFileReference; explicitFileType = wrapper.application; includeInIndex = 0; path = "FPSCaculate(帧率计算).app"; sourceTree = BUILT_PRODUCTS_DIR; };
		6434CBE61FD6C59500056A30 /* AppDelegate.h */ = {isa = PBXFileReference; lastKnownFileType = sourcecode.c.h; path = AppDelegate.h; sourceTree = "<group>"; };
		6434CBE71FD6C59500056A30 /* AppDelegate.m */ = {isa = PBXFileReference; lastKnownFileType = sourcecode.c.objc; path = AppDelegate.m; sourceTree = "<group>"; };
		6434CBE91FD6C59500056A30 /* ViewController.h */ = {isa = PBXFileReference; lastKnownFileType = sourcecode.c.h; path = ViewController.h; sourceTree = "<group>"; };
		6434CBEA1FD6C59500056A30 /* ViewController.m */ = {isa = PBXFileReference; lastKnownFileType = sourcecode.c.objc; path = ViewController.m; sourceTree = "<group>"; };
		6434CBED1FD6C59500056A30 /* Base */ = {isa = PBXFileReference; lastKnownFileType = file.storyboard; name = Base; path = Base.lproj/Main.storyboard; sourceTree = "<group>"; };
		6434CBEF1FD6C59500056A30 /* Assets.xcassets */ = {isa = PBXFileReference; lastKnownFileType = folder.assetcatalog; path = Assets.xcassets; sourceTree = "<group>"; };
		6434CBF21FD6C59500056A30 /* Base */ = {isa = PBXFileReference; lastKnownFileType = file.storyboard; name = Base; path = Base.lproj/LaunchScreen.storyboard; sourceTree = "<group>"; };
		6434CBF41FD6C59600056A30 /* Info.plist */ = {isa = PBXFileReference; lastKnownFileType = text.plist.xml; path = Info.plist; sourceTree = "<group>"; };
		6434CBF51FD6C59600056A30 /* main.m */ = {isa = PBXFileReference; lastKnownFileType = sourcecode.c.objc; path = main.m; sourceTree = "<group>"; };
		6434CBFA1FD6C5C000056A30 /* ZZW_FPSLabel.h */ = {isa = PBXFileReference; fileEncoding = 4; lastKnownFileType = sourcecode.c.h; path = ZZW_FPSLabel.h; sourceTree = "<group>"; };
		6434CBFB1FD6C5C000056A30 /* ZZW_FPSLabel.m */ = {isa = PBXFileReference; fileEncoding = 4; lastKnownFileType = sourcecode.c.objc; path = ZZW_FPSLabel.m; sourceTree = "<group>"; };
		64DE281B1FAD6BC700BE0315 /* ProgramTest.app */ = {isa = PBXFileReference; explicitFileType = wrapper.application; includeInIndex = 0; path = ProgramTest.app; sourceTree = BUILT_PRODUCTS_DIR; };
		64DE281E1FAD6BC700BE0315 /* AppDelegate.h */ = {isa = PBXFileReference; lastKnownFileType = sourcecode.c.h; path = AppDelegate.h; sourceTree = "<group>"; };
		64DE281F1FAD6BC700BE0315 /* AppDelegate.m */ = {isa = PBXFileReference; lastKnownFileType = sourcecode.c.objc; path = AppDelegate.m; sourceTree = "<group>"; };
		64DE28211FAD6BC700BE0315 /* ViewController.h */ = {isa = PBXFileReference; lastKnownFileType = sourcecode.c.h; path = ViewController.h; sourceTree = "<group>"; };
		64DE28221FAD6BC700BE0315 /* ViewController.m */ = {isa = PBXFileReference; lastKnownFileType = sourcecode.c.objc; path = ViewController.m; sourceTree = "<group>"; };
		64DE28251FAD6BC700BE0315 /* Base */ = {isa = PBXFileReference; lastKnownFileType = file.storyboard; name = Base; path = Base.lproj/Main.storyboard; sourceTree = "<group>"; };
		64DE28271FAD6BC700BE0315 /* Assets.xcassets */ = {isa = PBXFileReference; lastKnownFileType = folder.assetcatalog; path = Assets.xcassets; sourceTree = "<group>"; };
		64DE282A1FAD6BC700BE0315 /* Base */ = {isa = PBXFileReference; lastKnownFileType = file.storyboard; name = Base; path = Base.lproj/LaunchScreen.storyboard; sourceTree = "<group>"; };
		64DE282C1FAD6BC700BE0315 /* Info.plist */ = {isa = PBXFileReference; lastKnownFileType = text.plist.xml; path = Info.plist; sourceTree = "<group>"; };
		64DE282D1FAD6BC800BE0315 /* main.m */ = {isa = PBXFileReference; lastKnownFileType = sourcecode.c.objc; path = main.m; sourceTree = "<group>"; };
		64DE28381FAD6C1A00BE0315 /* CaculateMethodET(方法执行时间计算).app */ = {isa = PBXFileReference; explicitFileType = wrapper.application; includeInIndex = 0; path = "CaculateMethodET(方法执行时间计算).app"; sourceTree = BUILT_PRODUCTS_DIR; };
		64DE283A1FAD6C1A00BE0315 /* AppDelegate.h */ = {isa = PBXFileReference; lastKnownFileType = sourcecode.c.h; path = AppDelegate.h; sourceTree = "<group>"; };
		64DE283B1FAD6C1A00BE0315 /* AppDelegate.m */ = {isa = PBXFileReference; lastKnownFileType = sourcecode.c.objc; path = AppDelegate.m; sourceTree = "<group>"; };
		64DE283D1FAD6C1A00BE0315 /* ViewController.h */ = {isa = PBXFileReference; lastKnownFileType = sourcecode.c.h; path = ViewController.h; sourceTree = "<group>"; };
		64DE283E1FAD6C1A00BE0315 /* ViewController.m */ = {isa = PBXFileReference; lastKnownFileType = sourcecode.c.objc; path = ViewController.m; sourceTree = "<group>"; };
		64DE28411FAD6C1A00BE0315 /* Base */ = {isa = PBXFileReference; lastKnownFileType = file.storyboard; name = Base; path = Base.lproj/Main.storyboard; sourceTree = "<group>"; };
		64DE28431FAD6C1A00BE0315 /* Assets.xcassets */ = {isa = PBXFileReference; lastKnownFileType = folder.assetcatalog; path = Assets.xcassets; sourceTree = "<group>"; };
		64DE28461FAD6C1A00BE0315 /* Base */ = {isa = PBXFileReference; lastKnownFileType = file.storyboard; name = Base; path = Base.lproj/LaunchScreen.storyboard; sourceTree = "<group>"; };
		64DE28481FAD6C1A00BE0315 /* Info.plist */ = {isa = PBXFileReference; lastKnownFileType = text.plist.xml; path = Info.plist; sourceTree = "<group>"; };
		64DE28491FAD6C1A00BE0315 /* main.m */ = {isa = PBXFileReference; lastKnownFileType = sourcecode.c.objc; path = main.m; sourceTree = "<group>"; };
/* End PBXFileReference section */

/* Begin PBXFrameworksBuildPhase section */
		6434CBE11FD6C59500056A30 /* Frameworks */ = {
			isa = PBXFrameworksBuildPhase;
			buildActionMask = 2147483647;
			files = (
			);
			runOnlyForDeploymentPostprocessing = 0;
		};
		64DE28181FAD6BC700BE0315 /* Frameworks */ = {
			isa = PBXFrameworksBuildPhase;
			buildActionMask = 2147483647;
			files = (
			);
			runOnlyForDeploymentPostprocessing = 0;
		};
		64DE28351FAD6C1A00BE0315 /* Frameworks */ = {
			isa = PBXFrameworksBuildPhase;
			buildActionMask = 2147483647;
			files = (
			);
			runOnlyForDeploymentPostprocessing = 0;
		};
/* End PBXFrameworksBuildPhase section */

/* Begin PBXGroup section */
		6434CBE51FD6C59500056A30 /* FPSCaculate(帧率计算) */ = {
			isa = PBXGroup;
			children = (
				6434CBE61FD6C59500056A30 /* AppDelegate.h */,
				6434CBE71FD6C59500056A30 /* AppDelegate.m */,
				6434CBE91FD6C59500056A30 /* ViewController.h */,
				6434CBEA1FD6C59500056A30 /* ViewController.m */,
				6434CBFA1FD6C5C000056A30 /* ZZW_FPSLabel.h */,
				6434CBFB1FD6C5C000056A30 /* ZZW_FPSLabel.m */,
				6434CBEC1FD6C59500056A30 /* Main.storyboard */,
				6434CBEF1FD6C59500056A30 /* Assets.xcassets */,
				6434CBF11FD6C59500056A30 /* LaunchScreen.storyboard */,
				6434CBF41FD6C59600056A30 /* Info.plist */,
				6434CBF51FD6C59600056A30 /* main.m */,
			);
			path = "FPSCaculate(帧率计算)";
			sourceTree = "<group>";
		};
		64DE28121FAD6BC700BE0315 = {
			isa = PBXGroup;
			children = (
				64DE281D1FAD6BC700BE0315 /* ProgramTest */,
				64DE28391FAD6C1A00BE0315 /* CaculateMethodET(方法执行时间计算) */,
				6434CBE51FD6C59500056A30 /* FPSCaculate(帧率计算) */,
				64DE281C1FAD6BC700BE0315 /* Products */,
			);
			sourceTree = "<group>";
		};
		64DE281C1FAD6BC700BE0315 /* Products */ = {
			isa = PBXGroup;
			children = (
				64DE281B1FAD6BC700BE0315 /* ProgramTest.app */,
				64DE28381FAD6C1A00BE0315 /* CaculateMethodET(方法执行时间计算).app */,
				6434CBE41FD6C59500056A30 /* FPSCaculate(帧率计算).app */,
			);
			name = Products;
			sourceTree = "<group>";
		};
		64DE281D1FAD6BC700BE0315 /* ProgramTest */ = {
			isa = PBXGroup;
			children = (
				64DE281E1FAD6BC700BE0315 /* AppDelegate.h */,
				64DE281F1FAD6BC700BE0315 /* AppDelegate.m */,
				64DE28211FAD6BC700BE0315 /* ViewController.h */,
				64DE28221FAD6BC700BE0315 /* ViewController.m */,
				64DE28241FAD6BC700BE0315 /* Main.storyboard */,
				64DE28271FAD6BC700BE0315 /* Assets.xcassets */,
				64DE28291FAD6BC700BE0315 /* LaunchScreen.storyboard */,
				64DE282C1FAD6BC700BE0315 /* Info.plist */,
				64DE282D1FAD6BC800BE0315 /* main.m */,
			);
			path = ProgramTest;
			sourceTree = "<group>";
		};
		64DE28391FAD6C1A00BE0315 /* CaculateMethodET(方法执行时间计算) */ = {
			isa = PBXGroup;
			children = (
				64DE283A1FAD6C1A00BE0315 /* AppDelegate.h */,
				64DE283B1FAD6C1A00BE0315 /* AppDelegate.m */,
				64DE283D1FAD6C1A00BE0315 /* ViewController.h */,
				64DE283E1FAD6C1A00BE0315 /* ViewController.m */,
				64DE28401FAD6C1A00BE0315 /* Main.storyboard */,
				64DE28431FAD6C1A00BE0315 /* Assets.xcassets */,
				64DE28451FAD6C1A00BE0315 /* LaunchScreen.storyboard */,
				64DE28481FAD6C1A00BE0315 /* Info.plist */,
				64DE28491FAD6C1A00BE0315 /* main.m */,
			);
			path = "CaculateMethodET(方法执行时间计算)";
			sourceTree = "<group>";
		};
/* End PBXGroup section */

/* Begin PBXNativeTarget section */
		6434CBE31FD6C59500056A30 /* FPSCaculate(帧率计算) */ = {
			isa = PBXNativeTarget;
			buildConfigurationList = 6434CBF91FD6C59600056A30 /* Build configuration list for PBXNativeTarget "FPSCaculate(帧率计算)" */;
			buildPhases = (
				6434CBE01FD6C59500056A30 /* Sources */,
				6434CBE11FD6C59500056A30 /* Frameworks */,
				6434CBE21FD6C59500056A30 /* Resources */,
			);
			buildRules = (
			);
			dependencies = (
			);
			name = "FPSCaculate(帧率计算)";
			productName = "FPSCaculate(帧率计算)";
			productReference = 6434CBE41FD6C59500056A30 /* FPSCaculate(帧率计算).app */;
			productType = "com.apple.product-type.application";
		};
		64DE281A1FAD6BC700BE0315 /* ProgramTest */ = {
			isa = PBXNativeTarget;
			buildConfigurationList = 64DE28311FAD6BC800BE0315 /* Build configuration list for PBXNativeTarget "ProgramTest" */;
			buildPhases = (
				64DE28171FAD6BC700BE0315 /* Sources */,
				64DE28181FAD6BC700BE0315 /* Frameworks */,
				64DE28191FAD6BC700BE0315 /* Resources */,
			);
			buildRules = (
			);
			dependencies = (
			);
			name = ProgramTest;
			productName = ProgramTest;
			productReference = 64DE281B1FAD6BC700BE0315 /* ProgramTest.app */;
			productType = "com.apple.product-type.application";
		};
		64DE28371FAD6C1A00BE0315 /* CaculateMethodET(方法执行时间计算) */ = {
			isa = PBXNativeTarget;
			buildConfigurationList = 64DE284B1FAD6C1A00BE0315 /* Build configuration list for PBXNativeTarget "CaculateMethodET(方法执行时间计算)" */;
			buildPhases = (
				64DE28341FAD6C1A00BE0315 /* Sources */,
				64DE28351FAD6C1A00BE0315 /* Frameworks */,
				64DE28361FAD6C1A00BE0315 /* Resources */,
			);
			buildRules = (
			);
			dependencies = (
			);
			name = "CaculateMethodET(方法执行时间计算)";
			productName = "CaculateMethodET(方法执行时间计算)";
			productReference = 64DE28381FAD6C1A00BE0315 /* CaculateMethodET(方法执行时间计算).app */;
			productType = "com.apple.product-type.application";
		};
/* End PBXNativeTarget section */

/* Begin PBXProject section */
		64DE28131FAD6BC700BE0315 /* Project object */ = {
			isa = PBXProject;
			attributes = {
				LastUpgradeCheck = 0900;
				ORGANIZATIONNAME = zhouzewen;
				TargetAttributes = {
					6434CBE31FD6C59500056A30 = {
						CreatedOnToolsVersion = 9.0;
						ProvisioningStyle = Automatic;
					};
					64DE281A1FAD6BC700BE0315 = {
						CreatedOnToolsVersion = 9.0;
						ProvisioningStyle = Automatic;
					};
					64DE28371FAD6C1A00BE0315 = {
						CreatedOnToolsVersion = 9.0;
						ProvisioningStyle = Automatic;
					};
				};
			};
			buildConfigurationList = 64DE28161FAD6BC700BE0315 /* Build configuration list for PBXProject "ProgramTest" */;
			compatibilityVersion = "Xcode 8.0";
			developmentRegion = en;
			hasScannedForEncodings = 0;
			knownRegions = (
				en,
				Base,
			);
			mainGroup = 64DE28121FAD6BC700BE0315;
			productRefGroup = 64DE281C1FAD6BC700BE0315 /* Products */;
			projectDirPath = "";
			projectRoot = "";
			targets = (
				64DE281A1FAD6BC700BE0315 /* ProgramTest */,
				64DE28371FAD6C1A00BE0315 /* CaculateMethodET(方法执行时间计算) */,
				6434CBE31FD6C59500056A30 /* FPSCaculate(帧率计算) */,
			);
		};
/* End PBXProject section */

/* Begin PBXResourcesBuildPhase section */
		6434CBE21FD6C59500056A30 /* Resources */ = {
			isa = PBXResourcesBuildPhase;
			buildActionMask = 2147483647;
			files = (
				6434CBF31FD6C59500056A30 /* LaunchScreen.storyboard in Resources */,
				6434CBF01FD6C59500056A30 /* Assets.xcassets in Resources */,
				6434CBEE1FD6C59500056A30 /* Main.storyboard in Resources */,
			);
			runOnlyForDeploymentPostprocessing = 0;
		};
		64DE28191FAD6BC700BE0315 /* Resources */ = {
			isa = PBXResourcesBuildPhase;
			buildActionMask = 2147483647;
			files = (
				64DE282B1FAD6BC700BE0315 /* LaunchScreen.storyboard in Resources */,
				64DE28281FAD6BC700BE0315 /* Assets.xcassets in Resources */,
				64DE28261FAD6BC700BE0315 /* Main.storyboard in Resources */,
			);
			runOnlyForDeploymentPostprocessing = 0;
		};
		64DE28361FAD6C1A00BE0315 /* Resources */ = {
			isa = PBXResourcesBuildPhase;
			buildActionMask = 2147483647;
			files = (
				64DE28471FAD6C1A00BE0315 /* LaunchScreen.storyboard in Resources */,
				64DE28441FAD6C1A00BE0315 /* Assets.xcassets in Resources */,
				64DE28421FAD6C1A00BE0315 /* Main.storyboard in Resources */,
			);
			runOnlyForDeploymentPostprocessing = 0;
		};
/* End PBXResourcesBuildPhase section */

/* Begin PBXSourcesBuildPhase section */
		6434CBE01FD6C59500056A30 /* Sources */ = {
			isa = PBXSourcesBuildPhase;
			buildActionMask = 2147483647;
			files = (
				6434CBFC1FD6C5C000056A30 /* ZZW_FPSLabel.m in Sources */,
				6434CBEB1FD6C59500056A30 /* ViewController.m in Sources */,
				6434CBF61FD6C59600056A30 /* main.m in Sources */,
				6434CBE81FD6C59500056A30 /* AppDelegate.m in Sources */,
			);
			runOnlyForDeploymentPostprocessing = 0;
		};
		64DE28171FAD6BC700BE0315 /* Sources */ = {
			isa = PBXSourcesBuildPhase;
			buildActionMask = 2147483647;
			files = (
				64DE28231FAD6BC700BE0315 /* ViewController.m in Sources */,
				64DE282E1FAD6BC800BE0315 /* main.m in Sources */,
				64DE28201FAD6BC700BE0315 /* AppDelegate.m in Sources */,
			);
			runOnlyForDeploymentPostprocessing = 0;
		};
		64DE28341FAD6C1A00BE0315 /* Sources */ = {
			isa = PBXSourcesBuildPhase;
			buildActionMask = 2147483647;
			files = (
				64DE283F1FAD6C1A00BE0315 /* ViewController.m in Sources */,
				64DE284A1FAD6C1A00BE0315 /* main.m in Sources */,
				64DE283C1FAD6C1A00BE0315 /* AppDelegate.m in Sources */,
			);
			runOnlyForDeploymentPostprocessing = 0;
		};
/* End PBXSourcesBuildPhase section */

/* Begin PBXVariantGroup section */
		6434CBEC1FD6C59500056A30 /* Main.storyboard */ = {
			isa = PBXVariantGroup;
			children = (
				6434CBED1FD6C59500056A30 /* Base */,
			);
			name = Main.storyboard;
			sourceTree = "<group>";
		};
		6434CBF11FD6C59500056A30 /* LaunchScreen.storyboard */ = {
			isa = PBXVariantGroup;
			children = (
				6434CBF21FD6C59500056A30 /* Base */,
			);
			name = LaunchScreen.storyboard;
			sourceTree = "<group>";
		};
		64DE28241FAD6BC700BE0315 /* Main.storyboard */ = {
			isa = PBXVariantGroup;
			children = (
				64DE28251FAD6BC700BE0315 /* Base */,
			);
			name = Main.storyboard;
			sourceTree = "<group>";
		};
		64DE28291FAD6BC700BE0315 /* LaunchScreen.storyboard */ = {
			isa = PBXVariantGroup;
			children = (
				64DE282A1FAD6BC700BE0315 /* Base */,
			);
			name = LaunchScreen.storyboard;
			sourceTree = "<group>";
		};
		64DE28401FAD6C1A00BE0315 /* Main.storyboard */ = {
			isa = PBXVariantGroup;
			children = (
				64DE28411FAD6C1A00BE0315 /* Base */,
			);
			name = Main.storyboard;
			sourceTree = "<group>";
		};
		64DE28451FAD6C1A00BE0315 /* LaunchScreen.storyboard */ = {
			isa = PBXVariantGroup;
			children = (
				64DE28461FAD6C1A00BE0315 /* Base */,
			);
			name = LaunchScreen.storyboard;
			sourceTree = "<group>";
		};
/* End PBXVariantGroup section */

/* Begin XCBuildConfiguration section */
		6434CBF71FD6C59600056A30 /* Debug */ = {
			isa = XCBuildConfiguration;
			buildSettings = {
				ASSETCATALOG_COMPILER_APPICON_NAME = AppIcon;
				CODE_SIGN_STYLE = Automatic;
				INFOPLIST_FILE = "FPSCaculate(帧率计算)/Info.plist";
				LD_RUNPATH_SEARCH_PATHS = "$(inherited) @executable_path/Frameworks";
				PRODUCT_BUNDLE_IDENTIFIER = "com.zhouzewen.FPSCaculate------";
				PRODUCT_NAME = "$(TARGET_NAME)";
				TARGETED_DEVICE_FAMILY = "1,2";
			};
			name = Debug;
		};
		6434CBF81FD6C59600056A30 /* Release */ = {
			isa = XCBuildConfiguration;
			buildSettings = {
				ASSETCATALOG_COMPILER_APPICON_NAME = AppIcon;
				CODE_SIGN_STYLE = Automatic;
				INFOPLIST_FILE = "FPSCaculate(帧率计算)/Info.plist";
				LD_RUNPATH_SEARCH_PATHS = "$(inherited) @executable_path/Frameworks";
				PRODUCT_BUNDLE_IDENTIFIER = "com.zhouzewen.FPSCaculate------";
				PRODUCT_NAME = "$(TARGET_NAME)";
				TARGETED_DEVICE_FAMILY = "1,2";
			};
			name = Release;
		};
		64DE282F1FAD6BC800BE0315 /* Debug */ = {
			isa = XCBuildConfiguration;
			buildSettings = {
				ALWAYS_SEARCH_USER_PATHS = NO;
				CLANG_ANALYZER_NONNULL = YES;
				CLANG_ANALYZER_NUMBER_OBJECT_CONVERSION = YES_AGGRESSIVE;
				CLANG_CXX_LANGUAGE_STANDARD = "gnu++14";
				CLANG_CXX_LIBRARY = "libc++";
				CLANG_ENABLE_MODULES = YES;
				CLANG_ENABLE_OBJC_ARC = YES;
				CLANG_WARN_BLOCK_CAPTURE_AUTORELEASING = YES;
				CLANG_WARN_BOOL_CONVERSION = YES;
				CLANG_WARN_COMMA = YES;
				CLANG_WARN_CONSTANT_CONVERSION = YES;
				CLANG_WARN_DIRECT_OBJC_ISA_USAGE = YES_ERROR;
				CLANG_WARN_DOCUMENTATION_COMMENTS = YES;
				CLANG_WARN_EMPTY_BODY = YES;
				CLANG_WARN_ENUM_CONVERSION = YES;
				CLANG_WARN_INFINITE_RECURSION = YES;
				CLANG_WARN_INT_CONVERSION = YES;
				CLANG_WARN_NON_LITERAL_NULL_CONVERSION = YES;
				CLANG_WARN_OBJC_LITERAL_CONVERSION = YES;
				CLANG_WARN_OBJC_ROOT_CLASS = YES_ERROR;
				CLANG_WARN_RANGE_LOOP_ANALYSIS = YES;
				CLANG_WARN_STRICT_PROTOTYPES = YES;
				CLANG_WARN_SUSPICIOUS_MOVE = YES;
				CLANG_WARN_UNGUARDED_AVAILABILITY = YES_AGGRESSIVE;
				CLANG_WARN_UNREACHABLE_CODE = YES;
				CLANG_WARN__DUPLICATE_METHOD_MATCH = YES;
				CODE_SIGN_IDENTITY = "iPhone Developer";
				COPY_PHASE_STRIP = NO;
				DEBUG_INFORMATION_FORMAT = dwarf;
				ENABLE_STRICT_OBJC_MSGSEND = YES;
				ENABLE_TESTABILITY = YES;
				GCC_C_LANGUAGE_STANDARD = gnu11;
				GCC_DYNAMIC_NO_PIC = NO;
				GCC_NO_COMMON_BLOCKS = YES;
				GCC_OPTIMIZATION_LEVEL = 0;
				GCC_PREPROCESSOR_DEFINITIONS = (
					"DEBUG=1",
					"$(inherited)",
				);
				GCC_WARN_64_TO_32_BIT_CONVERSION = YES;
				GCC_WARN_ABOUT_RETURN_TYPE = YES_ERROR;
				GCC_WARN_UNDECLARED_SELECTOR = YES;
				GCC_WARN_UNINITIALIZED_AUTOS = YES_AGGRESSIVE;
				GCC_WARN_UNUSED_FUNCTION = YES;
				GCC_WARN_UNUSED_VARIABLE = YES;
				IPHONEOS_DEPLOYMENT_TARGET = 11.0;
				MTL_ENABLE_DEBUG_INFO = YES;
				ONLY_ACTIVE_ARCH = YES;
				SDKROOT = iphoneos;
			};
			name = Debug;
		};
		64DE28301FAD6BC800BE0315 /* Release */ = {
			isa = XCBuildConfiguration;
			buildSettings = {
				ALWAYS_SEARCH_USER_PATHS = NO;
				CLANG_ANALYZER_NONNULL = YES;
				CLANG_ANALYZER_NUMBER_OBJECT_CONVERSION = YES_AGGRESSIVE;
				CLANG_CXX_LANGUAGE_STANDARD = "gnu++14";
				CLANG_CXX_LIBRARY = "libc++";
				CLANG_ENABLE_MODULES = YES;
				CLANG_ENABLE_OBJC_ARC = YES;
				CLANG_WARN_BLOCK_CAPTURE_AUTORELEASING = YES;
				CLANG_WARN_BOOL_CONVERSION = YES;
				CLANG_WARN_COMMA = YES;
				CLANG_WARN_CONSTANT_CONVERSION = YES;
				CLANG_WARN_DIRECT_OBJC_ISA_USAGE = YES_ERROR;
				CLANG_WARN_DOCUMENTATION_COMMENTS = YES;
				CLANG_WARN_EMPTY_BODY = YES;
				CLANG_WARN_ENUM_CONVERSION = YES;
				CLANG_WARN_INFINITE_RECURSION = YES;
				CLANG_WARN_INT_CONVERSION = YES;
				CLANG_WARN_NON_LITERAL_NULL_CONVERSION = YES;
				CLANG_WARN_OBJC_LITERAL_CONVERSION = YES;
				CLANG_WARN_OBJC_ROOT_CLASS = YES_ERROR;
				CLANG_WARN_RANGE_LOOP_ANALYSIS = YES;
				CLANG_WARN_STRICT_PROTOTYPES = YES;
				CLANG_WARN_SUSPICIOUS_MOVE = YES;
				CLANG_WARN_UNGUARDED_AVAILABILITY = YES_AGGRESSIVE;
				CLANG_WARN_UNREACHABLE_CODE = YES;
				CLANG_WARN__DUPLICATE_METHOD_MATCH = YES;
				CODE_SIGN_IDENTITY = "iPhone Developer";
				COPY_PHASE_STRIP = NO;
				DEBUG_INFORMATION_FORMAT = "dwarf-with-dsym";
				ENABLE_NS_ASSERTIONS = NO;
				ENABLE_STRICT_OBJC_MSGSEND = YES;
				GCC_C_LANGUAGE_STANDARD = gnu11;
				GCC_NO_COMMON_BLOCKS = YES;
				GCC_WARN_64_TO_32_BIT_CONVERSION = YES;
				GCC_WARN_ABOUT_RETURN_TYPE = YES_ERROR;
				GCC_WARN_UNDECLARED_SELECTOR = YES;
				GCC_WARN_UNINITIALIZED_AUTOS = YES_AGGRESSIVE;
				GCC_WARN_UNUSED_FUNCTION = YES;
				GCC_WARN_UNUSED_VARIABLE = YES;
				IPHONEOS_DEPLOYMENT_TARGET = 11.0;
				MTL_ENABLE_DEBUG_INFO = NO;
				SDKROOT = iphoneos;
				VALIDATE_PRODUCT = YES;
			};
			name = Release;
		};
		64DE28321FAD6BC800BE0315 /* Debug */ = {
			isa = XCBuildConfiguration;
			buildSettings = {
				ASSETCATALOG_COMPILER_APPICON_NAME = AppIcon;
				CODE_SIGN_STYLE = Automatic;
				INFOPLIST_FILE = ProgramTest/Info.plist;
				LD_RUNPATH_SEARCH_PATHS = "$(inherited) @executable_path/Frameworks";
				PRODUCT_BUNDLE_IDENTIFIER = com.zhouzewen.ProgramTest;
				PRODUCT_NAME = "$(TARGET_NAME)";
				TARGETED_DEVICE_FAMILY = "1,2";
			};
			name = Debug;
		};
		64DE28331FAD6BC800BE0315 /* Release */ = {
			isa = XCBuildConfiguration;
			buildSettings = {
				ASSETCATALOG_COMPILER_APPICON_NAME = AppIcon;
				CODE_SIGN_STYLE = Automatic;
				INFOPLIST_FILE = ProgramTest/Info.plist;
				LD_RUNPATH_SEARCH_PATHS = "$(inherited) @executable_path/Frameworks";
				PRODUCT_BUNDLE_IDENTIFIER = com.zhouzewen.ProgramTest;
				PRODUCT_NAME = "$(TARGET_NAME)";
				TARGETED_DEVICE_FAMILY = "1,2";
			};
			name = Release;
		};
		64DE284C1FAD6C1A00BE0315 /* Debug */ = {
			isa = XCBuildConfiguration;
			buildSettings = {
				ASSETCATALOG_COMPILER_APPICON_NAME = AppIcon;
				CODE_SIGN_STYLE = Automatic;
				INFOPLIST_FILE = "CaculateMethodET(方法执行时间计算)/Info.plist";
				LD_RUNPATH_SEARCH_PATHS = "$(inherited) @executable_path/Frameworks";
				PRODUCT_BUNDLE_IDENTIFIER = "com.zhouzewen.CaculateMethodET----------";
				PRODUCT_NAME = "$(TARGET_NAME)";
				TARGETED_DEVICE_FAMILY = "1,2";
			};
			name = Debug;
		};
		64DE284D1FAD6C1A00BE0315 /* Release */ = {
			isa = XCBuildConfiguration;
			buildSettings = {
				ASSETCATALOG_COMPILER_APPICON_NAME = AppIcon;
				CODE_SIGN_STYLE = Automatic;
				INFOPLIST_FILE = "CaculateMethodET(方法执行时间计算)/Info.plist";
				LD_RUNPATH_SEARCH_PATHS = "$(inherited) @executable_path/Frameworks";
				PRODUCT_BUNDLE_IDENTIFIER = "com.zhouzewen.CaculateMethodET----------";
				PRODUCT_NAME = "$(TARGET_NAME)";
				TARGETED_DEVICE_FAMILY = "1,2";
			};
			name = Release;
		};
/* End XCBuildConfiguration section */

/* Begin XCConfigurationList section */
		6434CBF91FD6C59600056A30 /* Build configuration list for PBXNativeTarget "FPSCaculate(帧率计算)" */ = {
			isa = XCConfigurationList;
			buildConfigurations = (
				6434CBF71FD6C59600056A30 /* Debug */,
				6434CBF81FD6C59600056A30 /* Release */,
			);
			defaultConfigurationIsVisible = 0;
			defaultConfigurationName = Release;
		};
		64DE28161FAD6BC700BE0315 /* Build configuration list for PBXProject "ProgramTest" */ = {
			isa = XCConfigurationList;
			buildConfigurations = (
				64DE282F1FAD6BC800BE0315 /* Debug */,
				64DE28301FAD6BC800BE0315 /* Release */,
			);
			defaultConfigurationIsVisible = 0;
			defaultConfigurationName = Release;
		};
		64DE28311FAD6BC800BE0315 /* Build configuration list for PBXNativeTarget "ProgramTest" */ = {
			isa = XCConfigurationList;
			buildConfigurations = (
				64DE28321FAD6BC800BE0315 /* Debug */,
				64DE28331FAD6BC800BE0315 /* Release */,
			);
			defaultConfigurationIsVisible = 0;
			defaultConfigurationName = Release;
		};
		64DE284B1FAD6C1A00BE0315 /* Build configuration list for PBXNativeTarget "CaculateMethodET(方法执行时间计算)" */ = {
			isa = XCConfigurationList;
			buildConfigurations = (
				64DE284C1FAD6C1A00BE0315 /* Debug */,
				64DE284D1FAD6C1A00BE0315 /* Release */,
			);
			defaultConfigurationIsVisible = 0;
			defaultConfigurationName = Release;
		};
/* End XCConfigurationList section */
	};
	rootObject = 64DE28131FAD6BC700BE0315 /* Project object */;
}
